
Microsoft Visual Studio Solution File, Format Version 12.00
# Visual Studio Version 16
VisualStudioVersion = 16.0.30330.147
MinimumVisualStudioVersion = 10.0.40219.1
Project("{FAE04EC0-301F-11D3-BF4B-00C04F79EFBC}") = "CallTrax", "CallTrax\CallTrax.csproj", "{048B710B-54E4-4CB5-9DD0-D27BAD5778EA}"
EndProject
Global
	GlobalSection(SolutionConfigurationPlatforms) = preSolution
		Debug|Any CPU = Debug|Any CPU
		Release|Any CPU = Release|Any CPU
	EndGlobalSection
	GlobalSection(ProjectConfigurationPlatforms) = postSolution
		{048B710B-54E4-4CB5-9DD0-D27BAD5778EA}.Debug|Any CPU.ActiveCfg = Debug|Any CPU
		{048B710B-54E4-4CB5-9DD0-D27BAD5778EA}.Debug|Any CPU.Build.0 = Debug|Any CPU
		{048B710B-54E4-4CB5-9DD0-D27BAD5778EA}.Release|Any CPU.ActiveCfg = Release|Any CPU
		{048B710B-54E4-4CB5-9DD0-D27BAD5778EA}.Release|Any CPU.Build.0 = Release|Any CPU
	EndGlobalSection
	GlobalSection(SolutionProperties) = preSolution
		HideSolutionNode = FALSE
	EndGlobalSection
	GlobalSection(ExtensibilityGlobals) = postSolution
		SolutionGuid = {FF240201-DDE7-4074-8E94-C33C943B057E}
	EndGlobalSection
EndGlobal
